// !$*UTF8*$!
{
	archiveVersion = 1;
	classes = {
	};
	objectVersion = 77;
	objects = {

/* Begin PBXBuildFile section */
		007CFD832E2D27B900E883DB /* Auth in Frameworks */ = {isa = PBXBuildFile; productRef = 007CFD822E2D27B900E883DB /* Auth */; };
		007CFD852E2D27B900E883DB /* Functions in Frameworks */ = {isa = PBXBuildFile; productRef = 007CFD842E2D27B900E883DB /* Functions */; };
		007CFD872E2D27B900E883DB /* PostgREST in Frameworks */ = {isa = PBXBuildFile; productRef = 007CFD862E2D27B900E883DB /* PostgREST */; };
		007CFD892E2D27B900E883DB /* Realtime in Frameworks */ = {isa = PBXBuildFile; productRef = 007CFD882E2D27B900E883DB /* Realtime */; };
		007CFD8B2E2D27B900E883DB /* Storage in Frameworks */ = {isa = PBXBuildFile; productRef = 007CFD8A2E2D27B900E883DB /* Storage */; };
		007CFD8D2E2D27B900E883DB /* Supabase in Frameworks */ = {isa = PBXBuildFile; productRef = 007CFD8C2E2D27B900E883DB /* Supabase */; };
		00AA0DFB2E25002400E56BE6 /* desc in Resources */ = {isa = PBXBuildFile; fileRef = 00AA0DFA2E25002400E56BE6 /* desc */; };
		00AA0E6A2E2577CD00E56BE6 /* CLAUDE.md in Resources */ = {isa = PBXBuildFile; fileRef = 00AA0E682E2577CD00E56BE6 /* CLAUDE.md */; };
		00AA0E6B2E2577CD00E56BE6 /* PROJECT_STRUCTURE.md in Resources */ = {isa = PBXBuildFile; fileRef = 00AA0E692E2577CD00E56BE6 /* PROJECT_STRUCTURE.md */; };
		00AA3C6F2E3D5D6700DFDBBF /* oauth.md in Resources */ = {isa = PBXBuildFile; fileRef = 00AA3C6E2E3D5D6700DFDBBF /* oauth.md */; };
/* End PBXBuildFile section */

/* Begin PBXContainerItemProxy section */
		00AA0DDE2E24FE1B00E56BE6 /* PBXContainerItemProxy */ = {
			isa = PBXContainerItemProxy;
			containerPortal = 00AA0DC82E24FE1800E56BE6 /* Project object */;
			proxyType = 1;
			remoteGlobalIDString = 00AA0DCF2E24FE1800E56BE6;
			remoteInfo = Wisp;
		};
		00AA0DE82E24FE1B00E56BE6 /* PBXContainerItemProxy */ = {
			isa = PBXContainerItemProxy;
			containerPortal = 00AA0DC82E24FE1800E56BE6 /* Project object */;
			proxyType = 1;
			remoteGlobalIDString = 00AA0DCF2E24FE1800E56BE6;
			remoteInfo = Wisp;
		};
/* End PBXContainerItemProxy section */

/* Begin PBXFileReference section */
		00AA0DD02E24FE1800E56BE6 /* Wisp.app */ = {isa = PBXFileReference; explicitFileType = wrapper.application; includeInIndex = 0; path = Wisp.app; sourceTree = BUILT_PRODUCTS_DIR; };
		00AA0DDD2E24FE1B00E56BE6 /* WispTests.xctest */ = {isa = PBXFileReference; explicitFileType = wrapper.cfbundle; includeInIndex = 0; path = WispTests.xctest; sourceTree = BUILT_PRODUCTS_DIR; };
		00AA0DE72E24FE1B00E56BE6 /* WispUITests.xctest */ = {isa = PBXFileReference; explicitFileType = wrapper.cfbundle; includeInIndex = 0; path = WispUITests.xctest; sourceTree = BUILT_PRODUCTS_DIR; };
		00AA0DFA2E25002400E56BE6 /* desc */ = {isa = PBXFileReference; lastKnownFileType = text; path = desc; sourceTree = "<group>"; };
		00AA0E682E2577CD00E56BE6 /* CLAUDE.md */ = {isa = PBXFileReference; lastKnownFileType = net.daringfireball.markdown; path = CLAUDE.md; sourceTree = "<group>"; };
		00AA0E692E2577CD00E56BE6 /* PROJECT_STRUCTURE.md */ = {isa = PBXFileReference; lastKnownFileType = net.daringfireball.markdown; path = PROJECT_STRUCTURE.md; sourceTree = "<group>"; };
		00AA3C6E2E3D5D6700DFDBBF /* oauth.md */ = {isa = PBXFileReference; lastKnownFileType = net.daringfireball.markdown; path = oauth.md; sourceTree = "<group>"; };
/* End PBXFileReference section */

/* Begin PBXFileSystemSynchronizedBuildFileExceptionSet section */
		0044FE6B2E281CDF004EF22D /* Exceptions for "Wisp" folder in "Wisp" target */ = {
			isa = PBXFileSystemSynchronizedBuildFileExceptionSet;
			membershipExceptions = (
				Info.plist,
			);
			target = 00AA0DCF2E24FE1800E56BE6 /* Wisp */;
		};
/* End PBXFileSystemSynchronizedBuildFileExceptionSet section */

/* Begin PBXFileSystemSynchronizedRootGroup section */
		00AA0DD22E24FE1800E56BE6 /* Wisp */ = {
			isa = PBXFileSystemSynchronizedRootGroup;
			exceptions = (
				0044FE6B2E281CDF004EF22D /* Exceptions for "Wisp" folder in "Wisp" target */,
			);
			path = Wisp;
			sourceTree = "<group>";
		};
		00AA0DE02E24FE1B00E56BE6 /* WispTests */ = {
			isa = PBXFileSystemSynchronizedRootGroup;
			path = WispTests;
			sourceTree = "<group>";
		};
		00AA0DEA2E24FE1B00E56BE6 /* WispUITests */ = {
			isa = PBXFileSystemSynchronizedRootGroup;
			path = WispUITests;
			sourceTree = "<group>";
		};
/* End PBXFileSystemSynchronizedRootGroup section */

/* Begin PBXFrameworksBuildPhase section */
		00AA0DCD2E24FE1800E56BE6 /* Frameworks */ = {
			isa = PBXFrameworksBuildPhase;
			buildActionMask = 2147483647;
			files = (
				007CFD872E2D27B900E883DB /* PostgREST in Frameworks */,
				007CFD852E2D27B900E883DB /* Functions in Frameworks */,
				007CFD8D2E2D27B900E883DB /* Supabase in Frameworks */,
				007CFD832E2D27B900E883DB /* Auth in Frameworks */,
				007CFD8B2E2D27B900E883DB /* Storage in Frameworks */,
				007CFD892E2D27B900E883DB /* Realtime in Frameworks */,
			);
			runOnlyForDeploymentPostprocessing = 0;
		};
		00AA0DDA2E24FE1B00E56BE6 /* Frameworks */ = {
			isa = PBXFrameworksBuildPhase;
			buildActionMask = 2147483647;
			files = (
			);
			runOnlyForDeploymentPostprocessing = 0;
		};
		00AA0DE42E24FE1B00E56BE6 /* Frameworks */ = {
			isa = PBXFrameworksBuildPhase;
			buildActionMask = 2147483647;
			files = (
			);
			runOnlyForDeploymentPostprocessing = 0;
		};
/* End PBXFrameworksBuildPhase section */

/* Begin PBXGroup section */
		00AA0DC72E24FE1800E56BE6 = {
			isa = PBXGroup;
			children = (
				00AA0DD22E24FE1800E56BE6 /* Wisp */,
				00AA0DE02E24FE1B00E56BE6 /* WispTests */,
				00AA0DEA2E24FE1B00E56BE6 /* WispUITests */,
				00AA0DD12E24FE1800E56BE6 /* Products */,
				00AA0DFA2E25002400E56BE6 /* desc */,
				00AA0E682E2577CD00E56BE6 /* CLAUDE.md */,
				00AA0E692E2577CD00E56BE6 /* PROJECT_STRUCTURE.md */,
				00AA3C6E2E3D5D6700DFDBBF /* oauth.md */,
			);
			sourceTree = "<group>";
		};
		00AA0DD12E24FE1800E56BE6 /* Products */ = {
			isa = PBXGroup;
			children = (
				00AA0DD02E24FE1800E56BE6 /* Wisp.app */,
				00AA0DDD2E24FE1B00E56BE6 /* WispTests.xctest */,
				00AA0DE72E24FE1B00E56BE6 /* WispUITests.xctest */,
			);
			name = Products;
			sourceTree = "<group>";
		};
/* End PBXGroup section */

/* Begin PBXNativeTarget section */
		00AA0DCF2E24FE1800E56BE6 /* Wisp */ = {
			isa = PBXNativeTarget;
			buildConfigurationList = 00AA0DF12E24FE1B00E56BE6 /* Build configuration list for PBXNativeTarget "Wisp" */;
			buildPhases = (
				00AA0DCC2E24FE1800E56BE6 /* Sources */,
				00AA0DCD2E24FE1800E56BE6 /* Frameworks */,
				00AA0DCE2E24FE1800E56BE6 /* Resources */,
			);
			buildRules = (
			);
			dependencies = (
			);
			fileSystemSynchronizedGroups = (
				00AA0DD22E24FE1800E56BE6 /* Wisp */,
			);
			name = Wisp;
			packageProductDependencies = (
				007CFD822E2D27B900E883DB /* Auth */,
				007CFD842E2D27B900E883DB /* Functions */,
				007CFD862E2D27B900E883DB /* PostgREST */,
				007CFD882E2D27B900E883DB /* Realtime */,
				007CFD8A2E2D27B900E883DB /* Storage */,
				007CFD8C2E2D27B900E883DB /* Supabase */,
			);
			productName = Wisp;
			productReference = 00AA0DD02E24FE1800E56BE6 /* Wisp.app */;
			productType = "com.apple.product-type.application";
		};
		00AA0DDC2E24FE1B00E56BE6 /* WispTests */ = {
			isa = PBXNativeTarget;
			buildConfigurationList = 00AA0DF42E24FE1B00E56BE6 /* Build configuration list for PBXNativeTarget "WispTests" */;
			buildPhases = (
				00AA0DD92E24FE1B00E56BE6 /* Sources */,
				00AA0DDA2E24FE1B00E56BE6 /* Frameworks */,
				00AA0DDB2E24FE1B00E56BE6 /* Resources */,
			);
			buildRules = (
			);
			dependencies = (
				00AA0DDF2E24FE1B00E56BE6 /* PBXTargetDependency */,
			);
			fileSystemSynchronizedGroups = (
				00AA0DE02E24FE1B00E56BE6 /* WispTests */,
			);
			name = WispTests;
			packageProductDependencies = (
			);
			productName = WispTests;
			productReference = 00AA0DDD2E24FE1B00E56BE6 /* WispTests.xctest */;
			productType = "com.apple.product-type.bundle.unit-test";
		};
		00AA0DE62E24FE1B00E56BE6 /* WispUITests */ = {
			isa = PBXNativeTarget;
			buildConfigurationList = 00AA0DF72E24FE1B00E56BE6 /* Build configuration list for PBXNativeTarget "WispUITests" */;
			buildPhases = (
				00AA0DE32E24FE1B00E56BE6 /* Sources */,
				00AA0DE42E24FE1B00E56BE6 /* Frameworks */,
				00AA0DE52E24FE1B00E56BE6 /* Resources */,
			);
			buildRules = (
			);
			dependencies = (
				00AA0DE92E24FE1B00E56BE6 /* PBXTargetDependency */,
			);
			fileSystemSynchronizedGroups = (
				00AA0DEA2E24FE1B00E56BE6 /* WispUITests */,
			);
			name = WispUITests;
			packageProductDependencies = (
			);
			productName = WispUITests;
			productReference = 00AA0DE72E24FE1B00E56BE6 /* WispUITests.xctest */;
			productType = "com.apple.product-type.bundle.ui-testing";
		};
/* End PBXNativeTarget section */

/* Begin PBXProject section */
		00AA0DC82E24FE1800E56BE6 /* Project object */ = {
			isa = PBXProject;
			attributes = {
				BuildIndependentTargetsInParallel = 1;
				LastSwiftUpdateCheck = 1640;
				LastUpgradeCheck = 1640;
				TargetAttributes = {
					00AA0DCF2E24FE1800E56BE6 = {
						CreatedOnToolsVersion = 16.4;
					};
					00AA0DDC2E24FE1B00E56BE6 = {
						CreatedOnToolsVersion = 16.4;
						TestTargetID = 00AA0DCF2E24FE1800E56BE6;
					};
					00AA0DE62E24FE1B00E56BE6 = {
						CreatedOnToolsVersion = 16.4;
						TestTargetID = 00AA0DCF2E24FE1800E56BE6;
					};
				};
			};
			buildConfigurationList = 00AA0DCB2E24FE1800E56BE6 /* Build configuration list for PBXProject "Wisp" */;
			developmentRegion = en;
			hasScannedForEncodings = 0;
			knownRegions = (
				en,
				Base,
			);
			mainGroup = 00AA0DC72E24FE1800E56BE6;
			minimizedProjectReferenceProxies = 1;
			packageReferences = (
				002B54012E2D1B7F0002ACF5 /* XCRemoteSwiftPackageReference "dotlottie-ios" */,
				007CFD812E2D273600E883DB /* XCRemoteSwiftPackageReference "supabase-swift" */,
			);
			preferredProjectObjectVersion = 77;
			productRefGroup = 00AA0DD12E24FE1800E56BE6 /* Products */;
			projectDirPath = "";
			projectRoot = "";
			targets = (
				00AA0DCF2E24FE1800E56BE6 /* Wisp */,
				00AA0DDC2E24FE1B00E56BE6 /* WispTests */,
				00AA0DE62E24FE1B00E56BE6 /* WispUITests */,
			);
		};
/* End PBXProject section */

/* Begin PBXResourcesBuildPhase section */
		00AA0DCE2E24FE1800E56BE6 /* Resources */ = {
			isa = PBXResourcesBuildPhase;
			buildActionMask = 2147483647;
			files = (
				00AA3C6F2E3D5D6700DFDBBF /* oauth.md in Resources */,
				00AA0E6A2E2577CD00E56BE6 /* CLAUDE.md in Resources */,
				00AA0E6B2E2577CD00E56BE6 /* PROJECT_STRUCTURE.md in Resources */,
				00AA0DFB2E25002400E56BE6 /* desc in Resources */,
			);
			runOnlyForDeploymentPostprocessing = 0;
		};
		00AA0DDB2E24FE1B00E56BE6 /* Resources */ = {
			isa = PBXResourcesBuildPhase;
			buildActionMask = 2147483647;
			files = (
			);
			runOnlyForDeploymentPostprocessing = 0;
		};
		00AA0DE52E24FE1B00E56BE6 /* Resources */ = {
			isa = PBXResourcesBuildPhase;
			buildActionMask = 2147483647;
			files = (
			);
			runOnlyForDeploymentPostprocessing = 0;
		};
/* End PBXResourcesBuildPhase section */

/* Begin PBXSourcesBuildPhase section */
		00AA0DCC2E24FE1800E56BE6 /* Sources */ = {
			isa = PBXSourcesBuildPhase;
			buildActionMask = 2147483647;
			files = (
			);
			runOnlyForDeploymentPostprocessing = 0;
		};
		00AA0DD92E24FE1B00E56BE6 /* Sources */ = {
			isa = PBXSourcesBuildPhase;
			buildActionMask = 2147483647;
			files = (
			);
			runOnlyForDeploymentPostprocessing = 0;
		};
		00AA0DE32E24FE1B00E56BE6 /* Sources */ = {
			isa = PBXSourcesBuildPhase;
			buildActionMask = 2147483647;
			files = (
			);
			runOnlyForDeploymentPostprocessing = 0;
		};
/* End PBXSourcesBuildPhase section */

/* Begin PBXTargetDependency section */
		00AA0DDF2E24FE1B00E56BE6 /* PBXTargetDependency */ = {
			isa = PBXTargetDependency;
			target = 00AA0DCF2E24FE1800E56BE6 /* Wisp */;
			targetProxy = 00AA0DDE2E24FE1B00E56BE6 /* PBXContainerItemProxy */;
		};
		00AA0DE92E24FE1B00E56BE6 /* PBXTargetDependency */ = {
			isa = PBXTargetDependency;
			target = 00AA0DCF2E24FE1800E56BE6 /* Wisp */;
			targetProxy = 00AA0DE82E24FE1B00E56BE6 /* PBXContainerItemProxy */;
		};
/* End PBXTargetDependency section */

/* Begin XCBuildConfiguration section */
		00AA0DEF2E24FE1B00E56BE6 /* Debug */ = {
			isa = XCBuildConfiguration;
			buildSettings = {
				ALWAYS_SEARCH_USER_PATHS = NO;
				ASSETCATALOG_COMPILER_GENERATE_SWIFT_ASSET_SYMBOL_EXTENSIONS = YES;
				CLANG_ANALYZER_NONNULL = YES;
				CLANG_ANALYZER_NUMBER_OBJECT_CONVERSION = YES_AGGRESSIVE;
				CLANG_CXX_LANGUAGE_STANDARD = "gnu++20";
				CLANG_ENABLE_MODULES = YES;
				CLANG_ENABLE_OBJC_ARC = YES;
				CLANG_ENABLE_OBJC_WEAK = YES;
				CLANG_WARN_BLOCK_CAPTURE_AUTORELEASING = YES;
				CLANG_WARN_BOOL_CONVERSION = YES;
				CLANG_WARN_COMMA = YES;
				CLANG_WARN_CONSTANT_CONVERSION = YES;
				CLANG_WARN_DEPRECATED_OBJC_IMPLEMENTATIONS = YES;
				CLANG_WARN_DIRECT_OBJC_ISA_USAGE = YES_ERROR;
				CLANG_WARN_DOCUMENTATION_COMMENTS = YES;
				CLANG_WARN_EMPTY_BODY = YES;
				CLANG_WARN_ENUM_CONVERSION = YES;
				CLANG_WARN_INFINITE_RECURSION = YES;
				CLANG_WARN_INT_CONVERSION = YES;
				CLANG_WARN_NON_LITERAL_NULL_CONVERSION = YES;
				CLANG_WARN_OBJC_IMPLICIT_RETAIN_SELF = YES;
				CLANG_WARN_OBJC_LITERAL_CONVERSION = YES;
				CLANG_WARN_OBJC_ROOT_CLASS = YES_ERROR;
				CLANG_WARN_QUOTED_INCLUDE_IN_FRAMEWORK_HEADER = YES;
				CLANG_WARN_RANGE_LOOP_ANALYSIS = YES;
				CLANG_WARN_STRICT_PROTOTYPES = YES;
				CLANG_WARN_SUSPICIOUS_MOVE = YES;
				CLANG_WARN_UNGUARDED_AVAILABILITY = YES_AGGRESSIVE;
				CLANG_WARN_UNREACHABLE_CODE = YES;
				CLANG_WARN__DUPLICATE_METHOD_MATCH = YES;
				COPY_PHASE_STRIP = NO;
				DEBUG_INFORMATION_FORMAT = dwarf;
				ENABLE_STRICT_OBJC_MSGSEND = YES;
				ENABLE_TESTABILITY = YES;
				ENABLE_USER_SCRIPT_SANDBOXING = YES;
				GCC_C_LANGUAGE_STANDARD = gnu17;
				GCC_DYNAMIC_NO_PIC = NO;
				GCC_NO_COMMON_BLOCKS = YES;
				GCC_OPTIMIZATION_LEVEL = 0;
				GCC_PREPROCESSOR_DEFINITIONS = (
					"DEBUG=1",
					"$(inherited)",
				);
				GCC_WARN_64_TO_32_BIT_CONVERSION = YES;
				GCC_WARN_ABOUT_RETURN_TYPE = YES_ERROR;
				GCC_WARN_UNDECLARED_SELECTOR = YES;
				GCC_WARN_UNINITIALIZED_AUTOS = YES_AGGRESSIVE;
				GCC_WARN_UNUSED_FUNCTION = YES;
				GCC_WARN_UNUSED_VARIABLE = YES;
				IPHONEOS_DEPLOYMENT_TARGET = 18.5;
				LOCALIZATION_PREFERS_STRING_CATALOGS = YES;
				MTL_ENABLE_DEBUG_INFO = INCLUDE_SOURCE;
				MTL_FAST_MATH = YES;
				ONLY_ACTIVE_ARCH = YES;
				SDKROOT = iphoneos;
				SWIFT_ACTIVE_COMPILATION_CONDITIONS = "DEBUG $(inherited)";
				SWIFT_OPTIMIZATION_LEVEL = "-Onone";
			};
			name = Debug;
		};
		00AA0DF02E24FE1B00E56BE6 /* Release */ = {
			isa = XCBuildConfiguration;
			buildSettings = {
				ALWAYS_SEARCH_USER_PATHS = NO;
				ASSETCATALOG_COMPILER_GENERATE_SWIFT_ASSET_SYMBOL_EXTENSIONS = YES;
				CLANG_ANALYZER_NONNULL = YES;
				CLANG_ANALYZER_NUMBER_OBJECT_CONVERSION = YES_AGGRESSIVE;
				CLANG_CXX_LANGUAGE_STANDARD = "gnu++20";
				CLANG_ENABLE_MODULES = YES;
				CLANG_ENABLE_OBJC_ARC = YES;
				CLANG_ENABLE_OBJC_WEAK = YES;
				CLANG_WARN_BLOCK_CAPTURE_AUTORELEASING = YES;
				CLANG_WARN_BOOL_CONVERSION = YES;
				CLANG_WARN_COMMA = YES;
				CLANG_WARN_CONSTANT_CONVERSION = YES;
				CLANG_WARN_DEPRECATED_OBJC_IMPLEMENTATIONS = YES;
				CLANG_WARN_DIRECT_OBJC_ISA_USAGE = YES_ERROR;
				CLANG_WARN_DOCUMENTATION_COMMENTS = YES;
				CLANG_WARN_EMPTY_BODY = YES;
				CLANG_WARN_ENUM_CONVERSION = YES;
				CLANG_WARN_INFINITE_RECURSION = YES;
				CLANG_WARN_INT_CONVERSION = YES;
				CLANG_WARN_NON_LITERAL_NULL_CONVERSION = YES;
				CLANG_WARN_OBJC_IMPLICIT_RETAIN_SELF = YES;
				CLANG_WARN_OBJC_LITERAL_CONVERSION = YES;
				CLANG_WARN_OBJC_ROOT_CLASS = YES_ERROR;
				CLANG_WARN_QUOTED_INCLUDE_IN_FRAMEWORK_HEADER = YES;
				CLANG_WARN_RANGE_LOOP_ANALYSIS = YES;
				CLANG_WARN_STRICT_PROTOTYPES = YES;
				CLANG_WARN_SUSPICIOUS_MOVE = YES;
				CLANG_WARN_UNGUARDED_AVAILABILITY = YES_AGGRESSIVE;
				CLANG_WARN_UNREACHABLE_CODE = YES;
				CLANG_WARN__DUPLICATE_METHOD_MATCH = YES;
				COPY_PHASE_STRIP = NO;
				DEBUG_INFORMATION_FORMAT = "dwarf-with-dsym";
				ENABLE_NS_ASSERTIONS = NO;
				ENABLE_STRICT_OBJC_MSGSEND = YES;
				ENABLE_USER_SCRIPT_SANDBOXING = YES;
				GCC_C_LANGUAGE_STANDARD = gnu17;
				GCC_NO_COMMON_BLOCKS = YES;
				GCC_WARN_64_TO_32_BIT_CONVERSION = YES;
				GCC_WARN_ABOUT_RETURN_TYPE = YES_ERROR;
				GCC_WARN_UNDECLARED_SELECTOR = YES;
				GCC_WARN_UNINITIALIZED_AUTOS = YES_AGGRESSIVE;
				GCC_WARN_UNUSED_FUNCTION = YES;
				GCC_WARN_UNUSED_VARIABLE = YES;
				IPHONEOS_DEPLOYMENT_TARGET = 18.5;
				LOCALIZATION_PREFERS_STRING_CATALOGS = YES;
				MTL_ENABLE_DEBUG_INFO = NO;
				MTL_FAST_MATH = YES;
				SDKROOT = iphoneos;
				SWIFT_COMPILATION_MODE = wholemodule;
				VALIDATE_PRODUCT = YES;
			};
			name = Release;
		};
		00AA0DF22E24FE1B00E56BE6 /* Debug */ = {
			isa = XCBuildConfiguration;
			buildSettings = {
				ASSETCATALOG_COMPILER_APPICON_NAME = AppIcon;
				ASSETCATALOG_COMPILER_GLOBAL_ACCENT_COLOR_NAME = AccentColor;
				CODE_SIGN_STYLE = Automatic;
				CURRENT_PROJECT_VERSION = 1;
				DEVELOPMENT_TEAM = HKYHFUB552;
				ENABLE_PREVIEWS = YES;
				GENERATE_INFOPLIST_FILE = YES;
				INFOPLIST_FILE = Wisp/Info.plist;
				INFOPLIST_KEY_NSLocationAlwaysAndWhenInUseUsageDescription = "Wisp needs location access to track your running route.";
				INFOPLIST_KEY_NSLocationAlwaysUsageDescription = "Wisp needs location access to track your running route.";
				INFOPLIST_KEY_NSLocationWhenInUseUsageDescription = "Wisp needs location access to track your running route.";
				INFOPLIST_KEY_UIApplicationSupportsIndirectInputEvents = YES;
				INFOPLIST_KEY_UILaunchScreen_Generation = YES;
				INFOPLIST_KEY_UILaunchStoryboardName = LaunchScreen;
				INFOPLIST_KEY_UISupportedInterfaceOrientations = "UIInterfaceOrientationPortrait UIInterfaceOrientationLandscapeLeft UIInterfaceOrientationLandscapeRight";
				INFOPLIST_KEY_UISupportedInterfaceOrientations_iPad = "UIInterfaceOrientationPortrait UIInterfaceOrientationPortraitUpsideDown UIInterfaceOrientationLandscapeLeft UIInterfaceOrientationLandscapeRight";
				INFOPLIST_KEY_UISupportedInterfaceOrientations_iPhone = "UIInterfaceOrientationPortrait UIInterfaceOrientationLandscapeLeft UIInterfaceOrientationLandscapeRight";
				LD_RUNPATH_SEARCH_PATHS = (
					"$(inherited)",
					"@executable_path/Frameworks",
				);
				MARKETING_VERSION = 1.0;
				PRODUCT_BUNDLE_IDENTIFIER = com.Wisp;
				PRODUCT_NAME = "$(TARGET_NAME)";
				SWIFT_EMIT_LOC_STRINGS = YES;
				SWIFT_VERSION = 5.0;
				TARGETED_DEVICE_FAMILY = "1,2";
			};
			name = Debug;
		};
		00AA0DF32E24FE1B00E56BE6 /* Release */ = {
			isa = XCBuildConfiguration;
			buildSettings = {
				ASSETCATALOG_COMPILER_APPICON_NAME = AppIcon;
				ASSETCATALOG_COMPILER_GLOBAL_ACCENT_COLOR_NAME = AccentColor;
				CODE_SIGN_STYLE = Automatic;
				CURRENT_PROJECT_VERSION = 1;
				DEVELOPMENT_TEAM = HKYHFUB552;
				ENABLE_PREVIEWS = YES;
				GENERATE_INFOPLIST_FILE = YES;
				INFOPLIST_FILE = Wisp/Info.plist;
				INFOPLIST_KEY_NSLocationAlwaysAndWhenInUseUsageDescription = "Wisp needs location access to track your running route.";
				INFOPLIST_KEY_NSLocationAlwaysUsageDescription = "Wisp needs location access to track your running route.";
				INFOPLIST_KEY_NSLocationWhenInUseUsageDescription = "Wisp needs location access to track your running route.";
				INFOPLIST_KEY_UIApplicationSupportsIndirectInputEvents = YES;
				INFOPLIST_KEY_UILaunchScreen_Generation = YES;
				INFOPLIST_KEY_UILaunchStoryboardName = LaunchScreen;
				INFOPLIST_KEY_UISupportedInterfaceOrientations = "UIInterfaceOrientationPortrait UIInterfaceOrientationLandscapeLeft UIInterfaceOrientationLandscapeRight";
				INFOPLIST_KEY_UISupportedInterfaceOrientations_iPad = "UIInterfaceOrientationPortrait UIInterfaceOrientationPortraitUpsideDown UIInterfaceOrientationLandscapeLeft UIInterfaceOrientationLandscapeRight";
				INFOPLIST_KEY_UISupportedInterfaceOrientations_iPhone = "UIInterfaceOrientationPortrait UIInterfaceOrientationLandscapeLeft UIInterfaceOrientationLandscapeRight";
				LD_RUNPATH_SEARCH_PATHS = (
					"$(inherited)",
					"@executable_path/Frameworks",
				);
				MARKETING_VERSION = 1.0;
				PRODUCT_BUNDLE_IDENTIFIER = com.Wisp;
				PRODUCT_NAME = "$(TARGET_NAME)";
				SWIFT_EMIT_LOC_STRINGS = YES;
				SWIFT_VERSION = 5.0;
				TARGETED_DEVICE_FAMILY = "1,2";
			};
			name = Release;
		};
		00AA0DF52E24FE1B00E56BE6 /* Debug */ = {
			isa = XCBuildConfiguration;
			buildSettings = {
				BUNDLE_LOADER = "$(TEST_HOST)";
				CODE_SIGN_STYLE = Automatic;
				CURRENT_PROJECT_VERSION = 1;
				GENERATE_INFOPLIST_FILE = YES;
				IPHONEOS_DEPLOYMENT_TARGET = 18.5;
				MARKETING_VERSION = 1.0;
				PRODUCT_BUNDLE_IDENTIFIER = com.WispTests;
				PRODUCT_NAME = "$(TARGET_NAME)";
				SWIFT_EMIT_LOC_STRINGS = NO;
				SWIFT_VERSION = 5.0;
				TARGETED_DEVICE_FAMILY = "1,2";
				TEST_HOST = "$(BUILT_PRODUCTS_DIR)/Wisp.app/$(BUNDLE_EXECUTABLE_FOLDER_PATH)/Wisp";
			};
			name = Debug;
		};
		00AA0DF62E24FE1B00E56BE6 /* Release */ = {
			isa = XCBuildConfiguration;
			buildSettings = {
				BUNDLE_LOADER = "$(TEST_HOST)";
				CODE_SIGN_STYLE = Automatic;
				CURRENT_PROJECT_VERSION = 1;
				GENERATE_INFOPLIST_FILE = YES;
				IPHONEOS_DEPLOYMENT_TARGET = 18.5;
				MARKETING_VERSION = 1.0;
				PRODUCT_BUNDLE_IDENTIFIER = com.WispTests;
				PRODUCT_NAME = "$(TARGET_NAME)";
				SWIFT_EMIT_LOC_STRINGS = NO;
				SWIFT_VERSION = 5.0;
				TARGETED_DEVICE_FAMILY = "1,2";
				TEST_HOST = "$(BUILT_PRODUCTS_DIR)/Wisp.app/$(BUNDLE_EXECUTABLE_FOLDER_PATH)/Wisp";
			};
			name = Release;
		};
		00AA0DF82E24FE1B00E56BE6 /* Debug */ = {
			isa = XCBuildConfiguration;
			buildSettings = {
				CODE_SIGN_STYLE = Automatic;
				CURRENT_PROJECT_VERSION = 1;
				GENERATE_INFOPLIST_FILE = YES;
				MARKETING_VERSION = 1.0;
				PRODUCT_BUNDLE_IDENTIFIER = com.WispUITests;
				PRODUCT_NAME = "$(TARGET_NAME)";
				SWIFT_EMIT_LOC_STRINGS = NO;
				SWIFT_VERSION = 5.0;
				TARGETED_DEVICE_FAMILY = "1,2";
				TEST_TARGET_NAME = Wisp;
			};
			name = Debug;
		};
		00AA0DF92E24FE1B00E56BE6 /* Release */ = {
			isa = XCBuildConfiguration;
			buildSettings = {
				CODE_SIGN_STYLE = Automatic;
				CURRENT_PROJECT_VERSION = 1;
				GENERATE_INFOPLIST_FILE = YES;
				MARKETING_VERSION = 1.0;
				PRODUCT_BUNDLE_IDENTIFIER = com.WispUITests;
				PRODUCT_NAME = "$(TARGET_NAME)";
				SWIFT_EMIT_LOC_STRINGS = NO;
				SWIFT_VERSION = 5.0;
				TARGETED_DEVICE_FAMILY = "1,2";
				TEST_TARGET_NAME = Wisp;
			};
			name = Release;
		};
/* End XCBuildConfiguration section */

/* Begin XCConfigurationList section */
		00AA0DCB2E24FE1800E56BE6 /* Build configuration list for PBXProject "Wisp" */ = {
			isa = XCConfigurationList;
			buildConfigurations = (
				00AA0DEF2E24FE1B00E56BE6 /* Debug */,
				00AA0DF02E24FE1B00E56BE6 /* Release */,
			);
			defaultConfigurationIsVisible = 0;
			defaultConfigurationName = Release;
		};
		00AA0DF12E24FE1B00E56BE6 /* Build configuration list for PBXNativeTarget "Wisp" */ = {
			isa = XCConfigurationList;
			buildConfigurations = (
				00AA0DF22E24FE1B00E56BE6 /* Debug */,
				00AA0DF32E24FE1B00E56BE6 /* Release */,
			);
			defaultConfigurationIsVisible = 0;
			defaultConfigurationName = Release;
		};
		00AA0DF42E24FE1B00E56BE6 /* Build configuration list for PBXNativeTarget "WispTests" */ = {
			isa = XCConfigurationList;
			buildConfigurations = (
				00AA0DF52E24FE1B00E56BE6 /* Debug */,
				00AA0DF62E24FE1B00E56BE6 /* Release */,
			);
			defaultConfigurationIsVisible = 0;
			defaultConfigurationName = Release;
		};
		00AA0DF72E24FE1B00E56BE6 /* Build configuration list for PBXNativeTarget "WispUITests" */ = {
			isa = XCConfigurationList;
			buildConfigurations = (
				00AA0DF82E24FE1B00E56BE6 /* Debug */,
				00AA0DF92E24FE1B00E56BE6 /* Release */,
			);
			defaultConfigurationIsVisible = 0;
			defaultConfigurationName = Release;
		};
/* End XCConfigurationList section */

/* Begin XCRemoteSwiftPackageReference section */
		002B54012E2D1B7F0002ACF5 /* XCRemoteSwiftPackageReference "dotlottie-ios" */ = {
			isa = XCRemoteSwiftPackageReference;
			repositoryURL = "https://github.com/LottieFiles/dotlottie-ios";
			requirement = {
				branch = main;
				kind = branch;
			};
		};
		007CFD812E2D273600E883DB /* XCRemoteSwiftPackageReference "supabase-swift" */ = {
			isa = XCRemoteSwiftPackageReference;
			repositoryURL = "https://github.com/supabase/supabase-swift.git";
			requirement = {
				kind = upToNextMajorVersion;
				minimumVersion = 2.5.1;
			};
		};
/* End XCRemoteSwiftPackageReference section */

/* Begin XCSwiftPackageProductDependency section */
		007CFD822E2D27B900E883DB /* Auth */ = {
			isa = XCSwiftPackageProductDependency;
			package = 007CFD812E2D273600E883DB /* XCRemoteSwiftPackageReference "supabase-swift" */;
			productName = Auth;
		};
		007CFD842E2D27B900E883DB /* Functions */ = {
			isa = XCSwiftPackageProductDependency;
			package = 007CFD812E2D273600E883DB /* XCRemoteSwiftPackageReference "supabase-swift" */;
			productName = Functions;
		};
		007CFD862E2D27B900E883DB /* PostgREST */ = {
			isa = XCSwiftPackageProductDependency;
			package = 007CFD812E2D273600E883DB /* XCRemoteSwiftPackageReference "supabase-swift" */;
			productName = PostgREST;
		};
		007CFD882E2D27B900E883DB /* Realtime */ = {
			isa = XCSwiftPackageProductDependency;
			package = 007CFD812E2D273600E883DB /* XCRemoteSwiftPackageReference "supabase-swift" */;
			productName = Realtime;
		};
		007CFD8A2E2D27B900E883DB /* Storage */ = {
			isa = XCSwiftPackageProductDependency;
			package = 007CFD812E2D273600E883DB /* XCRemoteSwiftPackageReference "supabase-swift" */;
			productName = Storage;
		};
		007CFD8C2E2D27B900E883DB /* Supabase */ = {
			isa = XCSwiftPackageProductDependency;
			package = 007CFD812E2D273600E883DB /* XCRemoteSwiftPackageReference "supabase-swift" */;
			productName = Supabase;
		};
/* End XCSwiftPackageProductDependency section */
	};
	rootObject = 00AA0DC82E24FE1800E56BE6 /* Project object */;
}
